
Microsoft Visual Studio Solution File, Format Version 12.00
# Visual Studio 15
VisualStudioVersion = 15.0.27004.2005
MinimumVisualStudioVersion = 10.0.40219.1
Project("{FAE04EC0-301F-11D3-BF4B-00C04F79EFBC}") = "ProcessingTaskInParallel", "ProcessingTaskInParallel\ProcessingTaskInParallel.csproj", "{2709933E-29E9-4C46-9E58-FC22A8BD0456}"
EndProject
Project("{FAE04EC0-301F-11D3-BF4B-00C04F79EFBC}") = "AnalyzingTextTool", "AnalyzingTextTool\AnalyzingTextTool.csproj", "{452DA2BE-6731-4D0D-B62D-D7DAF6016417}"
EndProject
Project("{FAE04EC0-301F-11D3-BF4B-00C04F79EFBC}") = "TestSerializeInBinaryFormat", "TestSerializeInBinaryFormat\TestSerializeInBinaryFormat.csproj", "{FA63556F-9E73-4959-816D-C6224E9899FB}"
EndProject
Project("{FAE04EC0-301F-11D3-BF4B-00C04F79EFBC}") = "CustomSerialization", "CustomSerialization\CustomSerialization.csproj", "{19E681A0-24E1-46B3-BB1A-D4DC1607C896}"
EndProject
Project("{FAE04EC0-301F-11D3-BF4B-00C04F79EFBC}") = "MyConnectionFactory", "MyConnectionFactory\MyConnectionFactory.csproj", "{D560EA6F-DD01-4BEA-BCF1-446821BBC8A6}"
EndProject
Global
	GlobalSection(SolutionConfigurationPlatforms) = preSolution
		Debug|Any CPU = Debug|Any CPU
		Release|Any CPU = Release|Any CPU
	EndGlobalSection
	GlobalSection(ProjectConfigurationPlatforms) = postSolution
		{2709933E-29E9-4C46-9E58-FC22A8BD0456}.Debug|Any CPU.ActiveCfg = Debug|Any CPU
		{2709933E-29E9-4C46-9E58-FC22A8BD0456}.Debug|Any CPU.Build.0 = Debug|Any CPU
		{2709933E-29E9-4C46-9E58-FC22A8BD0456}.Release|Any CPU.ActiveCfg = Release|Any CPU
		{2709933E-29E9-4C46-9E58-FC22A8BD0456}.Release|Any CPU.Build.0 = Release|Any CPU
		{452DA2BE-6731-4D0D-B62D-D7DAF6016417}.Debug|Any CPU.ActiveCfg = Debug|Any CPU
		{452DA2BE-6731-4D0D-B62D-D7DAF6016417}.Debug|Any CPU.Build.0 = Debug|Any CPU
		{452DA2BE-6731-4D0D-B62D-D7DAF6016417}.Release|Any CPU.ActiveCfg = Release|Any CPU
		{452DA2BE-6731-4D0D-B62D-D7DAF6016417}.Release|Any CPU.Build.0 = Release|Any CPU
		{FA63556F-9E73-4959-816D-C6224E9899FB}.Debug|Any CPU.ActiveCfg = Debug|Any CPU
		{FA63556F-9E73-4959-816D-C6224E9899FB}.Debug|Any CPU.Build.0 = Debug|Any CPU
		{FA63556F-9E73-4959-816D-C6224E9899FB}.Release|Any CPU.ActiveCfg = Release|Any CPU
		{FA63556F-9E73-4959-816D-C6224E9899FB}.Release|Any CPU.Build.0 = Release|Any CPU
		{19E681A0-24E1-46B3-BB1A-D4DC1607C896}.Debug|Any CPU.ActiveCfg = Debug|Any CPU
		{19E681A0-24E1-46B3-BB1A-D4DC1607C896}.Debug|Any CPU.Build.0 = Debug|Any CPU
		{19E681A0-24E1-46B3-BB1A-D4DC1607C896}.Release|Any CPU.ActiveCfg = Release|Any CPU
		{19E681A0-24E1-46B3-BB1A-D4DC1607C896}.Release|Any CPU.Build.0 = Release|Any CPU
		{D560EA6F-DD01-4BEA-BCF1-446821BBC8A6}.Debug|Any CPU.ActiveCfg = Debug|Any CPU
		{D560EA6F-DD01-4BEA-BCF1-446821BBC8A6}.Debug|Any CPU.Build.0 = Debug|Any CPU
		{D560EA6F-DD01-4BEA-BCF1-446821BBC8A6}.Release|Any CPU.ActiveCfg = Release|Any CPU
		{D560EA6F-DD01-4BEA-BCF1-446821BBC8A6}.Release|Any CPU.Build.0 = Release|Any CPU
	EndGlobalSection
	GlobalSection(SolutionProperties) = preSolution
		HideSolutionNode = FALSE
	EndGlobalSection
	GlobalSection(ExtensibilityGlobals) = postSolution
		SolutionGuid = {1041F7D3-B2CB-4344-A25C-F958C26B8182}
	EndGlobalSection
EndGlobal
