
Microsoft Visual Studio Solution File, Format Version 12.00
# Visual Studio 15
VisualStudioVersion = 15.0.27004.2005
MinimumVisualStudioVersion = 10.0.40219.1
Project("{FAE04EC0-301F-11D3-BF4B-00C04F79EFBC}") = "ProcessingTaskInParallel", "ProcessingTaskInParallel\ProcessingTaskInParallel.csproj", "{2709933E-29E9-4C46-9E58-FC22A8BD0456}"
EndProject
Project("{FAE04EC0-301F-11D3-BF4B-00C04F79EFBC}") = "AnalyzingTextTool", "AnalyzingTextTool\AnalyzingTextTool.csproj", "{452DA2BE-6731-4D0D-B62D-D7DAF6016417}"
EndProject
Project("{FAE04EC0-301F-11D3-BF4B-00C04F79EFBC}") = "TestSerializeInBinaryFormat", "TestSerializeInBinaryFormat\TestSerializeInBinaryFormat.csproj", "{FA63556F-9E73-4959-816D-C6224E9899FB}"
EndProject
Project("{FAE04EC0-301F-11D3-BF4B-00C04F79EFBC}") = "CustomSerialization", "CustomSerialization\CustomSerialization.csproj", "{19E681A0-24E1-46B3-BB1A-D4DC1607C896}"
EndProject
Project("{FAE04EC0-301F-11D3-BF4B-00C04F79EFBC}") = "MyConnectionFactory", "MyConnectionFactory\MyConnectionFactory.csproj", "{D560EA6F-DD01-4BEA-BCF1-446821BBC8A6}"
EndProject
Project("{FAE04EC0-301F-11D3-BF4B-00C04F79EFBC}") = "ADONETTest", "ADONETTest\ADONETTest.csproj", "{9D296101-48B7-4159-9913-768C94DD5E2C}"
EndProject
Project("{FAE04EC0-301F-11D3-BF4B-00C04F79EFBC}") = "TransactionTestClient", "TransactionTestClient\TransactionTestClient.csproj", "{F8223C11-AEC5-4431-A6FB-B17961586355}"
EndProject
Project("{FAE04EC0-301F-11D3-BF4B-00C04F79EFBC}") = "SimpleDataSet", "SimpleDataSet\SimpleDataSet.csproj", "{CD912892-49E1-48C3-B284-F119738569DA}"
EndProject
Project("{FAE04EC0-301F-11D3-BF4B-00C04F79EFBC}") = "WindowsFormsDataBinding", "WindowsFormsDataBinding\WindowsFormsDataBinding.csproj", "{AC2B0DE5-B02D-4EAF-840A-7417A8F99545}"
EndProject
Project("{2150E333-8FDC-42A3-9474-1A3956D46DE8}") = "22", "22", "{210A2B92-8633-47BB-A303-1F69F81D91D7}"
EndProject
Project("{FAE04EC0-301F-11D3-BF4B-00C04F79EFBC}") = "FillDataSetUsingSqlDataAdapter", "22\FillDataSetUsingSqlDataAdapter\FillDataSetUsingSqlDataAdapter.csproj", "{48124F78-B67B-411D-BBD3-C6FEA73EA4CA}"
EndProject
Project("{2150E333-8FDC-42A3-9474-1A3956D46DE8}") = "21", "21", "{634BA868-5E9A-45FC-870C-6C76A5C79A2F}"
EndProject
Project("{FAE04EC0-301F-11D3-BF4B-00C04F79EFBC}") = "AutoLotDAL", "21\AutoLotDAL\AutoLotDAL.csproj", "{CAA24C7A-E2BE-4C90-890E-743E803169E3}"
EndProject
Project("{FAE04EC0-301F-11D3-BF4B-00C04F79EFBC}") = "InventoryDALDisconnectedGUI", "22\InventoryDALDisconnectedGUI\InventoryDALDisconnectedGUI.csproj", "{7F430657-6A43-4C60-BD83-C1D146DD3F65}"
EndProject
Project("{FAE04EC0-301F-11D3-BF4B-00C04F79EFBC}") = "MultitabledDataSetApp", "22\MultitabledDataSetApp\MultitabledDataSetApp.csproj", "{733CB6FE-DB60-4E5D-852A-DB4658E5379D}"
EndProject
Project("{FAE04EC0-301F-11D3-BF4B-00C04F79EFBC}") = "DataGridViewDataDesigner", "22\DataGridViewDataDesigner\DataGridViewDataDesigner.csproj", "{B4B299C4-53C4-4BDB-9639-576C1AED9E45}"
EndProject
Project("{FAE04EC0-301F-11D3-BF4B-00C04F79EFBC}") = "StronglyTypedDataSetConsoleClient", "22\StronglyTypedDataSetConsoleClient\StronglyTypedDataSetConsoleClient.csproj", "{76EC43D9-C698-424C-B001-075A34E2112B}"
EndProject
Project("{2150E333-8FDC-42A3-9474-1A3956D46DE8}") = "23", "23", "{A92AB5E5-5CF0-4E36-9DA2-B49AA083EC5E}"
EndProject
Project("{FAE04EC0-301F-11D3-BF4B-00C04F79EFBC}") = "AutoLotConsoleApp", "23\AutoLotConsoleApp\AutoLotConsoleApp.csproj", "{E71A9BDD-04DB-41FF-8866-69677C6DF25B}"
EndProject
Project("{FAE04EC0-301F-11D3-BF4B-00C04F79EFBC}") = "AutoLotDAL", "23\AutoLotDAL\AutoLotDAL.csproj", "{F388FC45-FE5A-4560-A828-5BD1607E16D7}"
EndProject
Project("{FAE04EC0-301F-11D3-BF4B-00C04F79EFBC}") = "AutoLotTestDrive", "23\AutoLotTestDrive\AutoLotTestDrive.csproj", "{CEE0FDF9-59BD-47F0-8CD9-C916D2026C8E}"
EndProject
Global
	GlobalSection(SolutionConfigurationPlatforms) = preSolution
		Debug|Any CPU = Debug|Any CPU
		Release|Any CPU = Release|Any CPU
	EndGlobalSection
	GlobalSection(ProjectConfigurationPlatforms) = postSolution
		{2709933E-29E9-4C46-9E58-FC22A8BD0456}.Debug|Any CPU.ActiveCfg = Debug|Any CPU
		{2709933E-29E9-4C46-9E58-FC22A8BD0456}.Debug|Any CPU.Build.0 = Debug|Any CPU
		{2709933E-29E9-4C46-9E58-FC22A8BD0456}.Release|Any CPU.ActiveCfg = Release|Any CPU
		{2709933E-29E9-4C46-9E58-FC22A8BD0456}.Release|Any CPU.Build.0 = Release|Any CPU
		{452DA2BE-6731-4D0D-B62D-D7DAF6016417}.Debug|Any CPU.ActiveCfg = Debug|Any CPU
		{452DA2BE-6731-4D0D-B62D-D7DAF6016417}.Debug|Any CPU.Build.0 = Debug|Any CPU
		{452DA2BE-6731-4D0D-B62D-D7DAF6016417}.Release|Any CPU.ActiveCfg = Release|Any CPU
		{452DA2BE-6731-4D0D-B62D-D7DAF6016417}.Release|Any CPU.Build.0 = Release|Any CPU
		{FA63556F-9E73-4959-816D-C6224E9899FB}.Debug|Any CPU.ActiveCfg = Debug|Any CPU
		{FA63556F-9E73-4959-816D-C6224E9899FB}.Debug|Any CPU.Build.0 = Debug|Any CPU
		{FA63556F-9E73-4959-816D-C6224E9899FB}.Release|Any CPU.ActiveCfg = Release|Any CPU
		{FA63556F-9E73-4959-816D-C6224E9899FB}.Release|Any CPU.Build.0 = Release|Any CPU
		{19E681A0-24E1-46B3-BB1A-D4DC1607C896}.Debug|Any CPU.ActiveCfg = Debug|Any CPU
		{19E681A0-24E1-46B3-BB1A-D4DC1607C896}.Debug|Any CPU.Build.0 = Debug|Any CPU
		{19E681A0-24E1-46B3-BB1A-D4DC1607C896}.Release|Any CPU.ActiveCfg = Release|Any CPU
		{19E681A0-24E1-46B3-BB1A-D4DC1607C896}.Release|Any CPU.Build.0 = Release|Any CPU
		{D560EA6F-DD01-4BEA-BCF1-446821BBC8A6}.Debug|Any CPU.ActiveCfg = Debug|Any CPU
		{D560EA6F-DD01-4BEA-BCF1-446821BBC8A6}.Debug|Any CPU.Build.0 = Debug|Any CPU
		{D560EA6F-DD01-4BEA-BCF1-446821BBC8A6}.Release|Any CPU.ActiveCfg = Release|Any CPU
		{D560EA6F-DD01-4BEA-BCF1-446821BBC8A6}.Release|Any CPU.Build.0 = Release|Any CPU
		{9D296101-48B7-4159-9913-768C94DD5E2C}.Debug|Any CPU.ActiveCfg = Debug|Any CPU
		{9D296101-48B7-4159-9913-768C94DD5E2C}.Debug|Any CPU.Build.0 = Debug|Any CPU
		{9D296101-48B7-4159-9913-768C94DD5E2C}.Release|Any CPU.ActiveCfg = Release|Any CPU
		{9D296101-48B7-4159-9913-768C94DD5E2C}.Release|Any CPU.Build.0 = Release|Any CPU
		{F8223C11-AEC5-4431-A6FB-B17961586355}.Debug|Any CPU.ActiveCfg = Debug|Any CPU
		{F8223C11-AEC5-4431-A6FB-B17961586355}.Debug|Any CPU.Build.0 = Debug|Any CPU
		{F8223C11-AEC5-4431-A6FB-B17961586355}.Release|Any CPU.ActiveCfg = Release|Any CPU
		{F8223C11-AEC5-4431-A6FB-B17961586355}.Release|Any CPU.Build.0 = Release|Any CPU
		{CD912892-49E1-48C3-B284-F119738569DA}.Debug|Any CPU.ActiveCfg = Debug|Any CPU
		{CD912892-49E1-48C3-B284-F119738569DA}.Debug|Any CPU.Build.0 = Debug|Any CPU
		{CD912892-49E1-48C3-B284-F119738569DA}.Release|Any CPU.ActiveCfg = Release|Any CPU
		{CD912892-49E1-48C3-B284-F119738569DA}.Release|Any CPU.Build.0 = Release|Any CPU
		{AC2B0DE5-B02D-4EAF-840A-7417A8F99545}.Debug|Any CPU.ActiveCfg = Debug|Any CPU
		{AC2B0DE5-B02D-4EAF-840A-7417A8F99545}.Debug|Any CPU.Build.0 = Debug|Any CPU
		{AC2B0DE5-B02D-4EAF-840A-7417A8F99545}.Release|Any CPU.ActiveCfg = Release|Any CPU
		{AC2B0DE5-B02D-4EAF-840A-7417A8F99545}.Release|Any CPU.Build.0 = Release|Any CPU
		{48124F78-B67B-411D-BBD3-C6FEA73EA4CA}.Debug|Any CPU.ActiveCfg = Debug|Any CPU
		{48124F78-B67B-411D-BBD3-C6FEA73EA4CA}.Debug|Any CPU.Build.0 = Debug|Any CPU
		{48124F78-B67B-411D-BBD3-C6FEA73EA4CA}.Release|Any CPU.ActiveCfg = Release|Any CPU
		{48124F78-B67B-411D-BBD3-C6FEA73EA4CA}.Release|Any CPU.Build.0 = Release|Any CPU
		{CAA24C7A-E2BE-4C90-890E-743E803169E3}.Debug|Any CPU.ActiveCfg = Debug|Any CPU
		{CAA24C7A-E2BE-4C90-890E-743E803169E3}.Debug|Any CPU.Build.0 = Debug|Any CPU
		{CAA24C7A-E2BE-4C90-890E-743E803169E3}.Release|Any CPU.ActiveCfg = Release|Any CPU
		{CAA24C7A-E2BE-4C90-890E-743E803169E3}.Release|Any CPU.Build.0 = Release|Any CPU
		{7F430657-6A43-4C60-BD83-C1D146DD3F65}.Debug|Any CPU.ActiveCfg = Debug|Any CPU
		{7F430657-6A43-4C60-BD83-C1D146DD3F65}.Debug|Any CPU.Build.0 = Debug|Any CPU
		{7F430657-6A43-4C60-BD83-C1D146DD3F65}.Release|Any CPU.ActiveCfg = Release|Any CPU
		{7F430657-6A43-4C60-BD83-C1D146DD3F65}.Release|Any CPU.Build.0 = Release|Any CPU
		{733CB6FE-DB60-4E5D-852A-DB4658E5379D}.Debug|Any CPU.ActiveCfg = Debug|Any CPU
		{733CB6FE-DB60-4E5D-852A-DB4658E5379D}.Debug|Any CPU.Build.0 = Debug|Any CPU
		{733CB6FE-DB60-4E5D-852A-DB4658E5379D}.Release|Any CPU.ActiveCfg = Release|Any CPU
		{733CB6FE-DB60-4E5D-852A-DB4658E5379D}.Release|Any CPU.Build.0 = Release|Any CPU
		{B4B299C4-53C4-4BDB-9639-576C1AED9E45}.Debug|Any CPU.ActiveCfg = Debug|Any CPU
		{B4B299C4-53C4-4BDB-9639-576C1AED9E45}.Debug|Any CPU.Build.0 = Debug|Any CPU
		{B4B299C4-53C4-4BDB-9639-576C1AED9E45}.Release|Any CPU.ActiveCfg = Release|Any CPU
		{B4B299C4-53C4-4BDB-9639-576C1AED9E45}.Release|Any CPU.Build.0 = Release|Any CPU
		{76EC43D9-C698-424C-B001-075A34E2112B}.Debug|Any CPU.ActiveCfg = Debug|Any CPU
		{76EC43D9-C698-424C-B001-075A34E2112B}.Debug|Any CPU.Build.0 = Debug|Any CPU
		{76EC43D9-C698-424C-B001-075A34E2112B}.Release|Any CPU.ActiveCfg = Release|Any CPU
		{76EC43D9-C698-424C-B001-075A34E2112B}.Release|Any CPU.Build.0 = Release|Any CPU
		{E71A9BDD-04DB-41FF-8866-69677C6DF25B}.Debug|Any CPU.ActiveCfg = Debug|Any CPU
		{E71A9BDD-04DB-41FF-8866-69677C6DF25B}.Debug|Any CPU.Build.0 = Debug|Any CPU
		{E71A9BDD-04DB-41FF-8866-69677C6DF25B}.Release|Any CPU.ActiveCfg = Release|Any CPU
		{E71A9BDD-04DB-41FF-8866-69677C6DF25B}.Release|Any CPU.Build.0 = Release|Any CPU
		{F388FC45-FE5A-4560-A828-5BD1607E16D7}.Debug|Any CPU.ActiveCfg = Debug|Any CPU
		{F388FC45-FE5A-4560-A828-5BD1607E16D7}.Debug|Any CPU.Build.0 = Debug|Any CPU
		{F388FC45-FE5A-4560-A828-5BD1607E16D7}.Release|Any CPU.ActiveCfg = Release|Any CPU
		{F388FC45-FE5A-4560-A828-5BD1607E16D7}.Release|Any CPU.Build.0 = Release|Any CPU
		{CEE0FDF9-59BD-47F0-8CD9-C916D2026C8E}.Debug|Any CPU.ActiveCfg = Debug|Any CPU
		{CEE0FDF9-59BD-47F0-8CD9-C916D2026C8E}.Debug|Any CPU.Build.0 = Debug|Any CPU
		{CEE0FDF9-59BD-47F0-8CD9-C916D2026C8E}.Release|Any CPU.ActiveCfg = Release|Any CPU
		{CEE0FDF9-59BD-47F0-8CD9-C916D2026C8E}.Release|Any CPU.Build.0 = Release|Any CPU
	EndGlobalSection
	GlobalSection(SolutionProperties) = preSolution
		HideSolutionNode = FALSE
	EndGlobalSection
	GlobalSection(NestedProjects) = preSolution
		{48124F78-B67B-411D-BBD3-C6FEA73EA4CA} = {210A2B92-8633-47BB-A303-1F69F81D91D7}
		{CAA24C7A-E2BE-4C90-890E-743E803169E3} = {634BA868-5E9A-45FC-870C-6C76A5C79A2F}
		{7F430657-6A43-4C60-BD83-C1D146DD3F65} = {210A2B92-8633-47BB-A303-1F69F81D91D7}
		{733CB6FE-DB60-4E5D-852A-DB4658E5379D} = {210A2B92-8633-47BB-A303-1F69F81D91D7}
		{B4B299C4-53C4-4BDB-9639-576C1AED9E45} = {210A2B92-8633-47BB-A303-1F69F81D91D7}
		{76EC43D9-C698-424C-B001-075A34E2112B} = {210A2B92-8633-47BB-A303-1F69F81D91D7}
		{E71A9BDD-04DB-41FF-8866-69677C6DF25B} = {A92AB5E5-5CF0-4E36-9DA2-B49AA083EC5E}
		{F388FC45-FE5A-4560-A828-5BD1607E16D7} = {A92AB5E5-5CF0-4E36-9DA2-B49AA083EC5E}
		{CEE0FDF9-59BD-47F0-8CD9-C916D2026C8E} = {A92AB5E5-5CF0-4E36-9DA2-B49AA083EC5E}
	EndGlobalSection
	GlobalSection(ExtensibilityGlobals) = postSolution
		SolutionGuid = {1041F7D3-B2CB-4344-A25C-F958C26B8182}
	EndGlobalSection
EndGlobal
